
Microsoft Visual Studio Solution File, Format Version 10.00
# Visual Studio 2008
Project("{FAE04EC0-301F-11D3-BF4B-00C04F79EFBC}") = "Linq.Flickr", "Linq.Flickr\Linq.Flickr.csproj", "{716F1EDD-B85E-45FB-B757-BFFC8CB2A011}"
EndProject
Project("{FAE04EC0-301F-11D3-BF4B-00C04F79EFBC}") = "Linq.Flickr.Test", "Linq.Flickr.Test\Linq.Flickr.Test.csproj", "{FBB3FF89-3D42-49D1-8D48-BC7F34FB9618}"
EndProject
Project("{FAE04EC0-301F-11D3-BF4B-00C04F79EFBC}") = "Linq.Flickr.Console", "Linq.Flickr.Console\Linq.Flickr.Console.csproj", "{7E74FD1D-A0BE-486A-801F-88DD92774C82}"
EndProject
Global
	GlobalSection(TeamFoundationVersionControl) = preSolution
		SccNumberOfProjects = 3
		SccEnterpriseProvider = {4CA58AB2-18FA-4F8D-95D4-32DDF27D184C}
		SccTeamFoundationServer = https://tfs04.codeplex.com/
		SccLocalPath0 = .
		SccProjectUniqueName1 = Linq.Flickr\\Linq.Flickr.csproj
		SccProjectName1 = Linq.Flickr
		SccLocalPath1 = Linq.Flickr
		SccProjectUniqueName2 = Linq.Flickr.Test\\Linq.Flickr.Test.csproj
		SccProjectName2 = Linq.Flickr.Test
		SccLocalPath2 = Linq.Flickr.Test
	EndGlobalSection
	GlobalSection(SolutionConfigurationPlatforms) = preSolution
		Debug|Any CPU = Debug|Any CPU
		Release|Any CPU = Release|Any CPU
	EndGlobalSection
	GlobalSection(ProjectConfigurationPlatforms) = postSolution
		{716F1EDD-B85E-45FB-B757-BFFC8CB2A011}.Debug|Any CPU.ActiveCfg = Debug|Any CPU
		{716F1EDD-B85E-45FB-B757-BFFC8CB2A011}.Debug|Any CPU.Build.0 = Debug|Any CPU
		{716F1EDD-B85E-45FB-B757-BFFC8CB2A011}.Release|Any CPU.ActiveCfg = Release|Any CPU
		{716F1EDD-B85E-45FB-B757-BFFC8CB2A011}.Release|Any CPU.Build.0 = Release|Any CPU
		{FBB3FF89-3D42-49D1-8D48-BC7F34FB9618}.Debug|Any CPU.ActiveCfg = Debug|Any CPU
		{FBB3FF89-3D42-49D1-8D48-BC7F34FB9618}.Debug|Any CPU.Build.0 = Debug|Any CPU
		{FBB3FF89-3D42-49D1-8D48-BC7F34FB9618}.Release|Any CPU.ActiveCfg = Release|Any CPU
		{FBB3FF89-3D42-49D1-8D48-BC7F34FB9618}.Release|Any CPU.Build.0 = Release|Any CPU
		{7E74FD1D-A0BE-486A-801F-88DD92774C82}.Debug|Any CPU.ActiveCfg = Debug|Any CPU
		{7E74FD1D-A0BE-486A-801F-88DD92774C82}.Debug|Any CPU.Build.0 = Debug|Any CPU
		{7E74FD1D-A0BE-486A-801F-88DD92774C82}.Release|Any CPU.ActiveCfg = Release|Any CPU
		{7E74FD1D-A0BE-486A-801F-88DD92774C82}.Release|Any CPU.Build.0 = Release|Any CPU
	EndGlobalSection
	GlobalSection(SolutionProperties) = preSolution
		HideSolutionNode = FALSE
	EndGlobalSection
EndGlobal
